
Microsoft Visual Studio Solution File, Format Version 12.00
# Visual Studio 15
VisualStudioVersion = 15.0.27130.2003
MinimumVisualStudioVersion = 10.0.40219.1
Project("{E24C65DC-7377-472B-9ABA-BC803B73C61A}") = "Books4Life(1)", "Books4Life\", "{40AFBB8F-1ED3-49C9-A343-C8072988B4F2}"
	ProjectSection(WebsiteProperties) = preProject
		TargetFrameworkMoniker = ".NETFramework,Version%3Dv4.5"
		Debug.AspNetCompiler.VirtualPath = "/localhost_57569"
		Debug.AspNetCompiler.PhysicalPath = "Books4Life\"
		Debug.AspNetCompiler.TargetPath = "PrecompiledWeb\localhost_57569\"
		Debug.AspNetCompiler.Updateable = "true"
		Debug.AspNetCompiler.ForceOverwrite = "true"
		Debug.AspNetCompiler.FixedNames = "false"
		Debug.AspNetCompiler.Debug = "True"
		Release.AspNetCompiler.VirtualPath = "/localhost_57569"
		Release.AspNetCompiler.PhysicalPath = "Books4Life\"
		Release.AspNetCompiler.TargetPath = "PrecompiledWeb\localhost_57569\"
		Release.AspNetCompiler.Updateable = "true"
		Release.AspNetCompiler.ForceOverwrite = "true"
		Release.AspNetCompiler.FixedNames = "false"
		Release.AspNetCompiler.Debug = "False"
		VWDPort = "57569"
		SlnRelativePath = "Books4Life\"
	EndProjectSection
EndProject
Global
	GlobalSection(SolutionConfigurationPlatforms) = preSolution
		Debug|Any CPU = Debug|Any CPU
	EndGlobalSection
	GlobalSection(ProjectConfigurationPlatforms) = postSolution
		{40AFBB8F-1ED3-49C9-A343-C8072988B4F2}.Debug|Any CPU.ActiveCfg = Debug|Any CPU
		{40AFBB8F-1ED3-49C9-A343-C8072988B4F2}.Debug|Any CPU.Build.0 = Debug|Any CPU
	EndGlobalSection
	GlobalSection(SolutionProperties) = preSolution
		HideSolutionNode = FALSE
	EndGlobalSection
	GlobalSection(ExtensibilityGlobals) = postSolution
		SolutionGuid = {DE183F48-2EDC-4281-842B-19DA822222CF}
	EndGlobalSection
EndGlobal
